// !$*UTF8*$!
{
	archiveVersion = 1;
	classes = {
	};
	objectVersion = 50;
	objects = {

/* Begin PBXBuildFile section */
		0E1547E3219A72DB00FE3E2D /* YSCOperation.m in Sources */ = {isa = PBXBuildFile; fileRef = 0E1547E2219A72DB00FE3E2D /* YSCOperation.m */; };
		0E1547E6219A768700FE3E2D /* NSThreadViewController.m in Sources */ = {isa = PBXBuildFile; fileRef = 0E1547E5219A768700FE3E2D /* NSThreadViewController.m */; };
		41CCE8E32657A7730004854A /* ImageViewStretchViewController.m in Sources */ = {isa = PBXBuildFile; fileRef = 41CCE8E22657A7730004854A /* ImageViewStretchViewController.m */; };
		44FA70539CDB4C18CB7FB4E2 /* libPods-learnOCItem.a in Frameworks */ = {isa = PBXBuildFile; fileRef = 25985B79CCC73E70C7DA7849 /* libPods-learnOCItem.a */; };
		7683496CB04F8AE34C8D6407 /* libPods-learnOCItemTests.a in Frameworks */ = {isa = PBXBuildFile; fileRef = 1A34F336B3C22BA4BB59416D /* libPods-learnOCItemTests.a */; };
		B21834A7213CE64400297361 /* RunLoopViewController.m in Sources */ = {isa = PBXBuildFile; fileRef = B21834A5213CE64400297361 /* RunLoopViewController.m */; };
		B21834A8213CE64400297361 /* RunLoopViewController.xib in Resources */ = {isa = PBXBuildFile; fileRef = B21834A6213CE64400297361 /* RunLoopViewController.xib */; };
		B22B4A3120FF0FF5000679C0 /* GCDPracticeViewController.m in Sources */ = {isa = PBXBuildFile; fileRef = B22B4A2F20FF0FF5000679C0 /* GCDPracticeViewController.m */; };
		B22B4A3220FF0FF5000679C0 /* GCDPracticeViewController.xib in Resources */ = {isa = PBXBuildFile; fileRef = B22B4A3020FF0FF5000679C0 /* GCDPracticeViewController.xib */; };
		B22B4A3620FF101A000679C0 /* MultithreadingViewController.m in Sources */ = {isa = PBXBuildFile; fileRef = B22B4A3420FF101A000679C0 /* MultithreadingViewController.m */; };
		B22B4A3720FF101A000679C0 /* MultithreadingViewController.xib in Resources */ = {isa = PBXBuildFile; fileRef = B22B4A3520FF101A000679C0 /* MultithreadingViewController.xib */; };
		B23C113D212BFC7D000FBE07 /* UIImageView+splicingImage.m in Sources */ = {isa = PBXBuildFile; fileRef = B23C113C212BFC7D000FBE07 /* UIImageView+splicingImage.m */; };
		B25990E4210B16C4008175B8 /* BinaryTreeNode.m in Sources */ = {isa = PBXBuildFile; fileRef = B25990E3210B16C3008175B8 /* BinaryTreeNode.m */; };
		B2760C0D20F4B007004BA86E /* Arithmetic.m in Sources */ = {isa = PBXBuildFile; fileRef = B2760C0C20F4B007004BA86E /* Arithmetic.m */; };
		B28111A720DA1DD200D149F8 /* AppDelegate.m in Sources */ = {isa = PBXBuildFile; fileRef = B28111A620DA1DD200D149F8 /* AppDelegate.m */; };
		B28111AD20DA1DD200D149F8 /* Main.storyboard in Resources */ = {isa = PBXBuildFile; fileRef = B28111AB20DA1DD200D149F8 /* Main.storyboard */; };
		B28111AF20DA1DD300D149F8 /* Assets.xcassets in Resources */ = {isa = PBXBuildFile; fileRef = B28111AE20DA1DD300D149F8 /* Assets.xcassets */; };
		B28111B220DA1DD300D149F8 /* LaunchScreen.storyboard in Resources */ = {isa = PBXBuildFile; fileRef = B28111B020DA1DD300D149F8 /* LaunchScreen.storyboard */; };
		B28111B520DA1DD300D149F8 /* main.m in Sources */ = {isa = PBXBuildFile; fileRef = B28111B420DA1DD300D149F8 /* main.m */; };
		B28111BF20DA1DD300D149F8 /* learnOCItemTests.m in Sources */ = {isa = PBXBuildFile; fileRef = B28111BE20DA1DD300D149F8 /* learnOCItemTests.m */; };
		B28111CA20DA1DD300D149F8 /* learnOCItemUITests.m in Sources */ = {isa = PBXBuildFile; fileRef = B28111C920DA1DD300D149F8 /* learnOCItemUITests.m */; };
		B28111DD20DA36C900D149F8 /* basicTabBarController.m in Sources */ = {isa = PBXBuildFile; fileRef = B28111DC20DA36C900D149F8 /* basicTabBarController.m */; };
		B28111E120DA3B8B00D149F8 /* UIKitListTableViewController.m in Sources */ = {isa = PBXBuildFile; fileRef = B28111E020DA3B8B00D149F8 /* UIKitListTableViewController.m */; };
		B286BFB021007BC800B69954 /* MemoryManageViewController.m in Sources */ = {isa = PBXBuildFile; fileRef = B286BFAE21007BC800B69954 /* MemoryManageViewController.m */; settings = {COMPILER_FLAGS = "-fno-objc-arc"; }; };
		B286BFB121007BC800B69954 /* MemoryManageViewController.xib in Resources */ = {isa = PBXBuildFile; fileRef = B286BFAF21007BC800B69954 /* MemoryManageViewController.xib */; };
		B29760A72148EF6700923B39 /* Search.m in Sources */ = {isa = PBXBuildFile; fileRef = B29760A62148EF6700923B39 /* Search.m */; };
		B299DC1E212E8D48009A59C0 /* ComposeImageTableViewController.m in Sources */ = {isa = PBXBuildFile; fileRef = B299DC1D212E8D48009A59C0 /* ComposeImageTableViewController.m */; };
		B299DC22212E8D7D009A59C0 /* ImageTableViewCell.m in Sources */ = {isa = PBXBuildFile; fileRef = B299DC20212E8D7D009A59C0 /* ImageTableViewCell.m */; };
		B299DC23212E8D7D009A59C0 /* ImageTableViewCell.xib in Resources */ = {isa = PBXBuildFile; fileRef = B299DC21212E8D7D009A59C0 /* ImageTableViewCell.xib */; };
		B299DC26212E8E8D009A59C0 /* ImageModel.m in Sources */ = {isa = PBXBuildFile; fileRef = B299DC25212E8E8D009A59C0 /* ImageModel.m */; };
		B29A2EA0211EC1060054C28C /* KVCViewController.m in Sources */ = {isa = PBXBuildFile; fileRef = B29A2E9E211EC1060054C28C /* KVCViewController.m */; };
		B29A2EA1211EC1060054C28C /* KVCViewController.xib in Resources */ = {isa = PBXBuildFile; fileRef = B29A2E9F211EC1060054C28C /* KVCViewController.xib */; };
		B29A2EA4211EC16A0054C28C /* Dog.m in Sources */ = {isa = PBXBuildFile; fileRef = B29A2EA3211EC16A0054C28C /* Dog.m */; };
		B29A2EA7211EC5BE0054C28C /* zoology.m in Sources */ = {isa = PBXBuildFile; fileRef = B29A2EA6211EC5BE0054C28C /* zoology.m */; };
		B2A0CAC720DB801C0001AAC8 /* YBNotification.m in Sources */ = {isa = PBXBuildFile; fileRef = B2A0CAC320DB801C0001AAC8 /* YBNotification.m */; };
		B2A0CAC820DB801C0001AAC8 /* KVOViewController.m in Sources */ = {isa = PBXBuildFile; fileRef = B2A0CAC420DB801C0001AAC8 /* KVOViewController.m */; };
		B2A0CACD20DB8B000001AAC8 /* ResponseChainViewController.m in Sources */ = {isa = PBXBuildFile; fileRef = B2A0CACB20DB8B000001AAC8 /* ResponseChainViewController.m */; };
		B2A0CACE20DB8B000001AAC8 /* ResponseChainViewController.xib in Resources */ = {isa = PBXBuildFile; fileRef = B2A0CACC20DB8B000001AAC8 /* ResponseChainViewController.xib */; };
		B2A0CAD120DB8CE60001AAC8 /* responseView1.m in Sources */ = {isa = PBXBuildFile; fileRef = B2A0CAD020DB8CE60001AAC8 /* responseView1.m */; };
		B2A0CAD420DB8CFA0001AAC8 /* responseView2.m in Sources */ = {isa = PBXBuildFile; fileRef = B2A0CAD320DB8CFA0001AAC8 /* responseView2.m */; };
		B2A0CAD720DB8D040001AAC8 /* responseView3.m in Sources */ = {isa = PBXBuildFile; fileRef = B2A0CAD620DB8D040001AAC8 /* responseView3.m */; };
		B2A4028B20E0E94B0001CC7B /* FMDBLearnViewController.m in Sources */ = {isa = PBXBuildFile; fileRef = B2A4028920E0E94B0001CC7B /* FMDBLearnViewController.m */; };
		B2A4028C20E0E94B0001CC7B /* FMDBLearnViewController.xib in Resources */ = {isa = PBXBuildFile; fileRef = B2A4028A20E0E94B0001CC7B /* FMDBLearnViewController.xib */; };
		B2A6CCCA210723BB00ED7B69 /* BlockViewController.m in Sources */ = {isa = PBXBuildFile; fileRef = B2A6CCC8210723BB00ED7B69 /* BlockViewController.m */; };
		B2A6CCCB210723BB00ED7B69 /* BlockViewController.xib in Resources */ = {isa = PBXBuildFile; fileRef = B2A6CCC9210723BB00ED7B69 /* BlockViewController.xib */; };
		B2A6CCCF210723E300ED7B69 /* StuViewController.m in Sources */ = {isa = PBXBuildFile; fileRef = B2A6CCCD210723E300ED7B69 /* StuViewController.m */; };
		B2A6CCD0210723E300ED7B69 /* StuViewController.xib in Resources */ = {isa = PBXBuildFile; fileRef = B2A6CCCE210723E300ED7B69 /* StuViewController.xib */; };
		B2A8C73F20F7254200135B80 /* CALayerAndViewViewController.m in Sources */ = {isa = PBXBuildFile; fileRef = B2A8C73D20F7254200135B80 /* CALayerAndViewViewController.m */; };
		B2A8C74020F7254200135B80 /* CALayerAndViewViewController.xib in Resources */ = {isa = PBXBuildFile; fileRef = B2A8C73E20F7254200135B80 /* CALayerAndViewViewController.xib */; };
		B2A8C74320F7278800135B80 /* view.m in Sources */ = {isa = PBXBuildFile; fileRef = B2A8C74220F7278800135B80 /* view.m */; };
		B2B14E8F2145FE0600671C55 /* ReactCocoaViewController.m in Sources */ = {isa = PBXBuildFile; fileRef = B2B14E8D2145FE0600671C55 /* ReactCocoaViewController.m */; };
		B2B14E902145FE0600671C55 /* ReactCocoaViewController.xib in Resources */ = {isa = PBXBuildFile; fileRef = B2B14E8E2145FE0600671C55 /* ReactCocoaViewController.xib */; };
		B2B14E95214648D200671C55 /* PresenViewController.m in Sources */ = {isa = PBXBuildFile; fileRef = B2B14E93214648D200671C55 /* PresenViewController.m */; };
		B2B14E96214648D200671C55 /* PresenViewController.xib in Resources */ = {isa = PBXBuildFile; fileRef = B2B14E94214648D200671C55 /* PresenViewController.xib */; };
		B2B14E992146492500671C55 /* person.m in Sources */ = {isa = PBXBuildFile; fileRef = B2B14E982146492500671C55 /* person.m */; };
		B2B14EA82146625F00671C55 /* NSObject+test.m in Sources */ = {isa = PBXBuildFile; fileRef = B2B14EA72146625F00671C55 /* NSObject+test.m */; };
		B2B14EB0214671DA00671C55 /* ljjStu.m in Sources */ = {isa = PBXBuildFile; fileRef = B2B14EAF214671DA00671C55 /* ljjStu.m */; };
		B2B14EB3214671FB00671C55 /* ljjStu+test.m in Sources */ = {isa = PBXBuildFile; fileRef = B2B14EB2214671FB00671C55 /* ljjStu+test.m */; };
		B2D571552108493E0083A9A9 /* ScrollViewController.m in Sources */ = {isa = PBXBuildFile; fileRef = B2D571542108493E0083A9A9 /* ScrollViewController.m */; };
		B2EEBCBD20DCD5E300BFEC4C /* filePath.m in Sources */ = {isa = PBXBuildFile; fileRef = B2EEBCBC20DCD5E300BFEC4C /* filePath.m */; };
		B2EEBCC020DCE27B00BFEC4C /* FundationListTableViewController.m in Sources */ = {isa = PBXBuildFile; fileRef = B2EEBCBF20DCE27B00BFEC4C /* FundationListTableViewController.m */; };
		B2EEBCC420DCE84100BFEC4C /* FileMananerHandleViewController.m in Sources */ = {isa = PBXBuildFile; fileRef = B2EEBCC220DCE84100BFEC4C /* FileMananerHandleViewController.m */; };
		B2EEBCC520DCE84100BFEC4C /* FileMananerHandleViewController.xib in Resources */ = {isa = PBXBuildFile; fileRef = B2EEBCC320DCE84100BFEC4C /* FileMananerHandleViewController.xib */; };
		B2EEBCC720DCF25300BFEC4C /* ceishi.plist in Resources */ = {isa = PBXBuildFile; fileRef = B2EEBCC620DCF25300BFEC4C /* ceishi.plist */; };
		B2EEBCC820DCF25300BFEC4C /* ceishi.plist in Resources */ = {isa = PBXBuildFile; fileRef = B2EEBCC620DCF25300BFEC4C /* ceishi.plist */; };
		B2F2E7292138F0F1001E6E60 /* LockViewController.m in Sources */ = {isa = PBXBuildFile; fileRef = B2F2E7272138F0F1001E6E60 /* LockViewController.m */; };
		B2F2E72A2138F0F1001E6E60 /* LockViewController.xib in Resources */ = {isa = PBXBuildFile; fileRef = B2F2E7282138F0F1001E6E60 /* LockViewController.xib */; };
		B2F700B821103B3B00AEC360 /* OperationViewController.m in Sources */ = {isa = PBXBuildFile; fileRef = B2F700B621103B3B00AEC360 /* OperationViewController.m */; };
		B2F700B921103B3B00AEC360 /* OperationViewController.xib in Resources */ = {isa = PBXBuildFile; fileRef = B2F700B721103B3B00AEC360 /* OperationViewController.xib */; };
		B2FC259620E23CEF009B859D /* baseModel.m in Sources */ = {isa = PBXBuildFile; fileRef = B2FC259520E23CEF009B859D /* baseModel.m */; };
		B2FC259920E24199009B859D /* student.m in Sources */ = {isa = PBXBuildFile; fileRef = B2FC259820E24199009B859D /* student.m */; };
		B2FC259C20E2426D009B859D /* goodStudent.m in Sources */ = {isa = PBXBuildFile; fileRef = B2FC259B20E2426D009B859D /* goodStudent.m */; };
		B2FC25A020E242A5009B859D /* CustomObjectCopyViewController.m in Sources */ = {isa = PBXBuildFile; fileRef = B2FC259E20E242A5009B859D /* CustomObjectCopyViewController.m */; };
		B2FC25A120E242A5009B859D /* CustomObjectCopyViewController.xib in Resources */ = {isa = PBXBuildFile; fileRef = B2FC259F20E242A5009B859D /* CustomObjectCopyViewController.xib */; };
		BCE209F7A00A3412C3DEE164 /* libPods-learnOCItemUITests.a in Frameworks */ = {isa = PBXBuildFile; fileRef = 607DFE74C88E28DD7C1C5C44 /* libPods-learnOCItemUITests.a */; };
		D7D4689026BFD4440002CAF5 /* OffScreenRenderedViewController.m in Sources */ = {isa = PBXBuildFile; fileRef = D7D4688F26BFD4440002CAF5 /* OffScreenRenderedViewController.m */; };
		D7DFCA7A26D1F46300B38244 /* TestFramework.framework in Frameworks */ = {isa = PBXBuildFile; fileRef = D7DFCA7926D1F46300B38244 /* TestFramework.framework */; };
/* End PBXBuildFile section */

/* Begin PBXContainerItemProxy section */
		B28111BB20DA1DD300D149F8 /* PBXContainerItemProxy */ = {
			isa = PBXContainerItemProxy;
			containerPortal = B281119A20DA1DD100D149F8 /* Project object */;
			proxyType = 1;
			remoteGlobalIDString = B28111A120DA1DD200D149F8;
			remoteInfo = learnOCItem;
		};
		B28111C620DA1DD300D149F8 /* PBXContainerItemProxy */ = {
			isa = PBXContainerItemProxy;
			containerPortal = B281119A20DA1DD100D149F8 /* Project object */;
			proxyType = 1;
			remoteGlobalIDString = B28111A120DA1DD200D149F8;
			remoteInfo = learnOCItem;
		};
/* End PBXContainerItemProxy section */

/* Begin PBXFileReference section */
		0E1547E1219A72DA00FE3E2D /* YSCOperation.h */ = {isa = PBXFileReference; fileEncoding = 4; lastKnownFileType = sourcecode.c.h; path = YSCOperation.h; sourceTree = "<group>"; };
		0E1547E2219A72DB00FE3E2D /* YSCOperation.m */ = {isa = PBXFileReference; fileEncoding = 4; lastKnownFileType = sourcecode.c.objc; path = YSCOperation.m; sourceTree = "<group>"; };
		0E1547E4219A768700FE3E2D /* NSThreadViewController.h */ = {isa = PBXFileReference; lastKnownFileType = sourcecode.c.h; path = NSThreadViewController.h; sourceTree = "<group>"; };
		0E1547E5219A768700FE3E2D /* NSThreadViewController.m */ = {isa = PBXFileReference; lastKnownFileType = sourcecode.c.objc; path = NSThreadViewController.m; sourceTree = "<group>"; };
		1A34F336B3C22BA4BB59416D /* libPods-learnOCItemTests.a */ = {isa = PBXFileReference; explicitFileType = archive.ar; includeInIndex = 0; path = "libPods-learnOCItemTests.a"; sourceTree = BUILT_PRODUCTS_DIR; };
		25985B79CCC73E70C7DA7849 /* libPods-learnOCItem.a */ = {isa = PBXFileReference; explicitFileType = archive.ar; includeInIndex = 0; path = "libPods-learnOCItem.a"; sourceTree = BUILT_PRODUCTS_DIR; };
		38B68DDF0F6DC28D5D6C6CA8 /* Pods-learnOCItem.release.xcconfig */ = {isa = PBXFileReference; includeInIndex = 1; lastKnownFileType = text.xcconfig; name = "Pods-learnOCItem.release.xcconfig"; path = "Pods/Target Support Files/Pods-learnOCItem/Pods-learnOCItem.release.xcconfig"; sourceTree = "<group>"; };
		3DC98C81FBFECD58FD773B6A /* Pods-learnOCItemTests.release.xcconfig */ = {isa = PBXFileReference; includeInIndex = 1; lastKnownFileType = text.xcconfig; name = "Pods-learnOCItemTests.release.xcconfig"; path = "Pods/Target Support Files/Pods-learnOCItemTests/Pods-learnOCItemTests.release.xcconfig"; sourceTree = "<group>"; };
		41CCE8E12657A7730004854A /* ImageViewStretchViewController.h */ = {isa = PBXFileReference; lastKnownFileType = sourcecode.c.h; path = ImageViewStretchViewController.h; sourceTree = "<group>"; };
		41CCE8E22657A7730004854A /* ImageViewStretchViewController.m */ = {isa = PBXFileReference; lastKnownFileType = sourcecode.c.objc; path = ImageViewStretchViewController.m; sourceTree = "<group>"; };
		607DFE74C88E28DD7C1C5C44 /* libPods-learnOCItemUITests.a */ = {isa = PBXFileReference; explicitFileType = archive.ar; includeInIndex = 0; path = "libPods-learnOCItemUITests.a"; sourceTree = BUILT_PRODUCTS_DIR; };
		6E977488DF1B2D5874FAB7B0 /* Pods-learnOCItem.debug.xcconfig */ = {isa = PBXFileReference; includeInIndex = 1; lastKnownFileType = text.xcconfig; name = "Pods-learnOCItem.debug.xcconfig"; path = "Pods/Target Support Files/Pods-learnOCItem/Pods-learnOCItem.debug.xcconfig"; sourceTree = "<group>"; };
		AB16E62B29322540D17A4F0B /* Pods-learnOCItemUITests.debug.xcconfig */ = {isa = PBXFileReference; includeInIndex = 1; lastKnownFileType = text.xcconfig; name = "Pods-learnOCItemUITests.debug.xcconfig"; path = "Pods/Target Support Files/Pods-learnOCItemUITests/Pods-learnOCItemUITests.debug.xcconfig"; sourceTree = "<group>"; };
		B00C04BF0EE098F855C7D528 /* Pods-learnOCItemUITests.release.xcconfig */ = {isa = PBXFileReference; includeInIndex = 1; lastKnownFileType = text.xcconfig; name = "Pods-learnOCItemUITests.release.xcconfig"; path = "Pods/Target Support Files/Pods-learnOCItemUITests/Pods-learnOCItemUITests.release.xcconfig"; sourceTree = "<group>"; };
		B21834A4213CE64400297361 /* RunLoopViewController.h */ = {isa = PBXFileReference; lastKnownFileType = sourcecode.c.h; path = RunLoopViewController.h; sourceTree = "<group>"; };
		B21834A5213CE64400297361 /* RunLoopViewController.m */ = {isa = PBXFileReference; lastKnownFileType = sourcecode.c.objc; path = RunLoopViewController.m; sourceTree = "<group>"; };
		B21834A6213CE64400297361 /* RunLoopViewController.xib */ = {isa = PBXFileReference; lastKnownFileType = file.xib; path = RunLoopViewController.xib; sourceTree = "<group>"; };
		B22B4A2E20FF0FF5000679C0 /* GCDPracticeViewController.h */ = {isa = PBXFileReference; lastKnownFileType = sourcecode.c.h; path = GCDPracticeViewController.h; sourceTree = "<group>"; };
		B22B4A2F20FF0FF5000679C0 /* GCDPracticeViewController.m */ = {isa = PBXFileReference; lastKnownFileType = sourcecode.c.objc; path = GCDPracticeViewController.m; sourceTree = "<group>"; };
		B22B4A3020FF0FF5000679C0 /* GCDPracticeViewController.xib */ = {isa = PBXFileReference; lastKnownFileType = file.xib; path = GCDPracticeViewController.xib; sourceTree = "<group>"; };
		B22B4A3320FF101A000679C0 /* MultithreadingViewController.h */ = {isa = PBXFileReference; lastKnownFileType = sourcecode.c.h; path = MultithreadingViewController.h; sourceTree = "<group>"; };
		B22B4A3420FF101A000679C0 /* MultithreadingViewController.m */ = {isa = PBXFileReference; lastKnownFileType = sourcecode.c.objc; path = MultithreadingViewController.m; sourceTree = "<group>"; };
		B22B4A3520FF101A000679C0 /* MultithreadingViewController.xib */ = {isa = PBXFileReference; lastKnownFileType = file.xib; path = MultithreadingViewController.xib; sourceTree = "<group>"; };
		B23C113B212BFC7D000FBE07 /* UIImageView+splicingImage.h */ = {isa = PBXFileReference; lastKnownFileType = sourcecode.c.h; path = "UIImageView+splicingImage.h"; sourceTree = "<group>"; };
		B23C113C212BFC7D000FBE07 /* UIImageView+splicingImage.m */ = {isa = PBXFileReference; lastKnownFileType = sourcecode.c.objc; path = "UIImageView+splicingImage.m"; sourceTree = "<group>"; };
		B25990E2210B16C3008175B8 /* BinaryTreeNode.h */ = {isa = PBXFileReference; lastKnownFileType = sourcecode.c.h; path = BinaryTreeNode.h; sourceTree = "<group>"; };
		B25990E3210B16C3008175B8 /* BinaryTreeNode.m */ = {isa = PBXFileReference; lastKnownFileType = sourcecode.c.objc; path = BinaryTreeNode.m; sourceTree = "<group>"; };
		B2760C0B20F4B007004BA86E /* Arithmetic.h */ = {isa = PBXFileReference; lastKnownFileType = sourcecode.c.h; path = Arithmetic.h; sourceTree = "<group>"; };
		B2760C0C20F4B007004BA86E /* Arithmetic.m */ = {isa = PBXFileReference; lastKnownFileType = sourcecode.c.objc; path = Arithmetic.m; sourceTree = "<group>"; };
		B28111A220DA1DD200D149F8 /* learnOCItem.app */ = {isa = PBXFileReference; explicitFileType = wrapper.application; includeInIndex = 0; path = learnOCItem.app; sourceTree = BUILT_PRODUCTS_DIR; };
		B28111A520DA1DD200D149F8 /* AppDelegate.h */ = {isa = PBXFileReference; lastKnownFileType = sourcecode.c.h; path = AppDelegate.h; sourceTree = "<group>"; };
		B28111A620DA1DD200D149F8 /* AppDelegate.m */ = {isa = PBXFileReference; lastKnownFileType = sourcecode.c.objc; path = AppDelegate.m; sourceTree = "<group>"; };
		B28111AC20DA1DD200D149F8 /* Base */ = {isa = PBXFileReference; lastKnownFileType = file.storyboard; name = Base; path = Base.lproj/Main.storyboard; sourceTree = "<group>"; };
		B28111AE20DA1DD300D149F8 /* Assets.xcassets */ = {isa = PBXFileReference; lastKnownFileType = folder.assetcatalog; path = Assets.xcassets; sourceTree = "<group>"; };
		B28111B120DA1DD300D149F8 /* Base */ = {isa = PBXFileReference; lastKnownFileType = file.storyboard; name = Base; path = Base.lproj/LaunchScreen.storyboard; sourceTree = "<group>"; };
		B28111B320DA1DD300D149F8 /* Info.plist */ = {isa = PBXFileReference; lastKnownFileType = text.plist.xml; path = Info.plist; sourceTree = "<group>"; };
		B28111B420DA1DD300D149F8 /* main.m */ = {isa = PBXFileReference; lastKnownFileType = sourcecode.c.objc; path = main.m; sourceTree = "<group>"; };
		B28111BA20DA1DD300D149F8 /* learnOCItemTests.xctest */ = {isa = PBXFileReference; explicitFileType = wrapper.cfbundle; includeInIndex = 0; path = learnOCItemTests.xctest; sourceTree = BUILT_PRODUCTS_DIR; };
		B28111BE20DA1DD300D149F8 /* learnOCItemTests.m */ = {isa = PBXFileReference; lastKnownFileType = sourcecode.c.objc; path = learnOCItemTests.m; sourceTree = "<group>"; };
		B28111C020DA1DD300D149F8 /* Info.plist */ = {isa = PBXFileReference; lastKnownFileType = text.plist.xml; path = Info.plist; sourceTree = "<group>"; };
		B28111C520DA1DD300D149F8 /* learnOCItemUITests.xctest */ = {isa = PBXFileReference; explicitFileType = wrapper.cfbundle; includeInIndex = 0; path = learnOCItemUITests.xctest; sourceTree = BUILT_PRODUCTS_DIR; };
		B28111C920DA1DD300D149F8 /* learnOCItemUITests.m */ = {isa = PBXFileReference; lastKnownFileType = sourcecode.c.objc; path = learnOCItemUITests.m; sourceTree = "<group>"; };
		B28111CB20DA1DD300D149F8 /* Info.plist */ = {isa = PBXFileReference; lastKnownFileType = text.plist.xml; path = Info.plist; sourceTree = "<group>"; };
		B28111DB20DA36C900D149F8 /* basicTabBarController.h */ = {isa = PBXFileReference; lastKnownFileType = sourcecode.c.h; path = basicTabBarController.h; sourceTree = "<group>"; };
		B28111DC20DA36C900D149F8 /* basicTabBarController.m */ = {isa = PBXFileReference; lastKnownFileType = sourcecode.c.objc; path = basicTabBarController.m; sourceTree = "<group>"; };
		B28111DF20DA3B8B00D149F8 /* UIKitListTableViewController.h */ = {isa = PBXFileReference; lastKnownFileType = sourcecode.c.h; path = UIKitListTableViewController.h; sourceTree = "<group>"; };
		B28111E020DA3B8B00D149F8 /* UIKitListTableViewController.m */ = {isa = PBXFileReference; lastKnownFileType = sourcecode.c.objc; path = UIKitListTableViewController.m; sourceTree = "<group>"; };
		B286BFAD21007BC800B69954 /* MemoryManageViewController.h */ = {isa = PBXFileReference; lastKnownFileType = sourcecode.c.h; path = MemoryManageViewController.h; sourceTree = "<group>"; };
		B286BFAE21007BC800B69954 /* MemoryManageViewController.m */ = {isa = PBXFileReference; lastKnownFileType = sourcecode.c.objc; path = MemoryManageViewController.m; sourceTree = "<group>"; };
		B286BFAF21007BC800B69954 /* MemoryManageViewController.xib */ = {isa = PBXFileReference; lastKnownFileType = file.xib; path = MemoryManageViewController.xib; sourceTree = "<group>"; };
		B29760A52148EF6700923B39 /* Search.h */ = {isa = PBXFileReference; lastKnownFileType = sourcecode.c.h; path = Search.h; sourceTree = "<group>"; };
		B29760A62148EF6700923B39 /* Search.m */ = {isa = PBXFileReference; lastKnownFileType = sourcecode.c.objc; path = Search.m; sourceTree = "<group>"; };
		B299DC1C212E8D48009A59C0 /* ComposeImageTableViewController.h */ = {isa = PBXFileReference; lastKnownFileType = sourcecode.c.h; path = ComposeImageTableViewController.h; sourceTree = "<group>"; };
		B299DC1D212E8D48009A59C0 /* ComposeImageTableViewController.m */ = {isa = PBXFileReference; lastKnownFileType = sourcecode.c.objc; path = ComposeImageTableViewController.m; sourceTree = "<group>"; };
		B299DC1F212E8D7D009A59C0 /* ImageTableViewCell.h */ = {isa = PBXFileReference; lastKnownFileType = sourcecode.c.h; path = ImageTableViewCell.h; sourceTree = "<group>"; };
		B299DC20212E8D7D009A59C0 /* ImageTableViewCell.m */ = {isa = PBXFileReference; lastKnownFileType = sourcecode.c.objc; path = ImageTableViewCell.m; sourceTree = "<group>"; };
		B299DC21212E8D7D009A59C0 /* ImageTableViewCell.xib */ = {isa = PBXFileReference; lastKnownFileType = file.xib; path = ImageTableViewCell.xib; sourceTree = "<group>"; };
		B299DC24212E8E8D009A59C0 /* ImageModel.h */ = {isa = PBXFileReference; lastKnownFileType = sourcecode.c.h; path = ImageModel.h; sourceTree = "<group>"; };
		B299DC25212E8E8D009A59C0 /* ImageModel.m */ = {isa = PBXFileReference; lastKnownFileType = sourcecode.c.objc; path = ImageModel.m; sourceTree = "<group>"; };
		B29A2E9D211EC1060054C28C /* KVCViewController.h */ = {isa = PBXFileReference; lastKnownFileType = sourcecode.c.h; path = KVCViewController.h; sourceTree = "<group>"; };
		B29A2E9E211EC1060054C28C /* KVCViewController.m */ = {isa = PBXFileReference; lastKnownFileType = sourcecode.c.objc; path = KVCViewController.m; sourceTree = "<group>"; };
		B29A2E9F211EC1060054C28C /* KVCViewController.xib */ = {isa = PBXFileReference; lastKnownFileType = file.xib; path = KVCViewController.xib; sourceTree = "<group>"; };
		B29A2EA2211EC16A0054C28C /* Dog.h */ = {isa = PBXFileReference; lastKnownFileType = sourcecode.c.h; path = Dog.h; sourceTree = "<group>"; };
		B29A2EA3211EC16A0054C28C /* Dog.m */ = {isa = PBXFileReference; lastKnownFileType = sourcecode.c.objc; path = Dog.m; sourceTree = "<group>"; };
		B29A2EA5211EC5BE0054C28C /* zoology.h */ = {isa = PBXFileReference; lastKnownFileType = sourcecode.c.h; path = zoology.h; sourceTree = "<group>"; };
		B29A2EA6211EC5BE0054C28C /* zoology.m */ = {isa = PBXFileReference; lastKnownFileType = sourcecode.c.objc; path = zoology.m; sourceTree = "<group>"; };
		B2A0CAC320DB801C0001AAC8 /* YBNotification.m */ = {isa = PBXFileReference; fileEncoding = 4; lastKnownFileType = sourcecode.c.objc; path = YBNotification.m; sourceTree = "<group>"; };
		B2A0CAC420DB801C0001AAC8 /* KVOViewController.m */ = {isa = PBXFileReference; fileEncoding = 4; lastKnownFileType = sourcecode.c.objc; path = KVOViewController.m; sourceTree = "<group>"; };
		B2A0CAC520DB801C0001AAC8 /* KVOViewController.h */ = {isa = PBXFileReference; fileEncoding = 4; lastKnownFileType = sourcecode.c.h; path = KVOViewController.h; sourceTree = "<group>"; };
		B2A0CAC620DB801C0001AAC8 /* YBNotification.h */ = {isa = PBXFileReference; fileEncoding = 4; lastKnownFileType = sourcecode.c.h; path = YBNotification.h; sourceTree = "<group>"; };
		B2A0CACA20DB8B000001AAC8 /* ResponseChainViewController.h */ = {isa = PBXFileReference; lastKnownFileType = sourcecode.c.h; path = ResponseChainViewController.h; sourceTree = "<group>"; };
		B2A0CACB20DB8B000001AAC8 /* ResponseChainViewController.m */ = {isa = PBXFileReference; lastKnownFileType = sourcecode.c.objc; path = ResponseChainViewController.m; sourceTree = "<group>"; };
		B2A0CACC20DB8B000001AAC8 /* ResponseChainViewController.xib */ = {isa = PBXFileReference; lastKnownFileType = file.xib; path = ResponseChainViewController.xib; sourceTree = "<group>"; };
		B2A0CACF20DB8CE60001AAC8 /* responseView1.h */ = {isa = PBXFileReference; lastKnownFileType = sourcecode.c.h; path = responseView1.h; sourceTree = "<group>"; };
		B2A0CAD020DB8CE60001AAC8 /* responseView1.m */ = {isa = PBXFileReference; lastKnownFileType = sourcecode.c.objc; path = responseView1.m; sourceTree = "<group>"; };
		B2A0CAD220DB8CFA0001AAC8 /* responseView2.h */ = {isa = PBXFileReference; lastKnownFileType = sourcecode.c.h; path = responseView2.h; sourceTree = "<group>"; };
		B2A0CAD320DB8CFA0001AAC8 /* responseView2.m */ = {isa = PBXFileReference; lastKnownFileType = sourcecode.c.objc; path = responseView2.m; sourceTree = "<group>"; };
		B2A0CAD520DB8D040001AAC8 /* responseView3.h */ = {isa = PBXFileReference; lastKnownFileType = sourcecode.c.h; path = responseView3.h; sourceTree = "<group>"; };
		B2A0CAD620DB8D040001AAC8 /* responseView3.m */ = {isa = PBXFileReference; lastKnownFileType = sourcecode.c.objc; path = responseView3.m; sourceTree = "<group>"; };
		B2A4028820E0E94B0001CC7B /* FMDBLearnViewController.h */ = {isa = PBXFileReference; lastKnownFileType = sourcecode.c.h; path = FMDBLearnViewController.h; sourceTree = "<group>"; };
		B2A4028920E0E94B0001CC7B /* FMDBLearnViewController.m */ = {isa = PBXFileReference; lastKnownFileType = sourcecode.c.objc; path = FMDBLearnViewController.m; sourceTree = "<group>"; };
		B2A4028A20E0E94B0001CC7B /* FMDBLearnViewController.xib */ = {isa = PBXFileReference; lastKnownFileType = file.xib; path = FMDBLearnViewController.xib; sourceTree = "<group>"; };
		B2A6CCC7210723BB00ED7B69 /* BlockViewController.h */ = {isa = PBXFileReference; lastKnownFileType = sourcecode.c.h; path = BlockViewController.h; sourceTree = "<group>"; };
		B2A6CCC8210723BB00ED7B69 /* BlockViewController.m */ = {isa = PBXFileReference; lastKnownFileType = sourcecode.c.objc; path = BlockViewController.m; sourceTree = "<group>"; };
		B2A6CCC9210723BB00ED7B69 /* BlockViewController.xib */ = {isa = PBXFileReference; lastKnownFileType = file.xib; path = BlockViewController.xib; sourceTree = "<group>"; };
		B2A6CCCC210723E300ED7B69 /* StuViewController.h */ = {isa = PBXFileReference; lastKnownFileType = sourcecode.c.h; path = StuViewController.h; sourceTree = "<group>"; };
		B2A6CCCD210723E300ED7B69 /* StuViewController.m */ = {isa = PBXFileReference; lastKnownFileType = sourcecode.c.objc; path = StuViewController.m; sourceTree = "<group>"; };
		B2A6CCCE210723E300ED7B69 /* StuViewController.xib */ = {isa = PBXFileReference; lastKnownFileType = file.xib; path = StuViewController.xib; sourceTree = "<group>"; };
		B2A8C73C20F7254200135B80 /* CALayerAndViewViewController.h */ = {isa = PBXFileReference; lastKnownFileType = sourcecode.c.h; path = CALayerAndViewViewController.h; sourceTree = "<group>"; };
		B2A8C73D20F7254200135B80 /* CALayerAndViewViewController.m */ = {isa = PBXFileReference; lastKnownFileType = sourcecode.c.objc; path = CALayerAndViewViewController.m; sourceTree = "<group>"; };
		B2A8C73E20F7254200135B80 /* CALayerAndViewViewController.xib */ = {isa = PBXFileReference; lastKnownFileType = file.xib; path = CALayerAndViewViewController.xib; sourceTree = "<group>"; };
		B2A8C74120F7278800135B80 /* view.h */ = {isa = PBXFileReference; lastKnownFileType = sourcecode.c.h; path = view.h; sourceTree = "<group>"; };
		B2A8C74220F7278800135B80 /* view.m */ = {isa = PBXFileReference; lastKnownFileType = sourcecode.c.objc; path = view.m; sourceTree = "<group>"; };
		B2B14E8C2145FE0600671C55 /* ReactCocoaViewController.h */ = {isa = PBXFileReference; lastKnownFileType = sourcecode.c.h; path = ReactCocoaViewController.h; sourceTree = "<group>"; };
		B2B14E8D2145FE0600671C55 /* ReactCocoaViewController.m */ = {isa = PBXFileReference; lastKnownFileType = sourcecode.c.objc; path = ReactCocoaViewController.m; sourceTree = "<group>"; };
		B2B14E8E2145FE0600671C55 /* ReactCocoaViewController.xib */ = {isa = PBXFileReference; lastKnownFileType = file.xib; path = ReactCocoaViewController.xib; sourceTree = "<group>"; };
		B2B14E92214648D200671C55 /* PresenViewController.h */ = {isa = PBXFileReference; lastKnownFileType = sourcecode.c.h; path = PresenViewController.h; sourceTree = "<group>"; };
		B2B14E93214648D200671C55 /* PresenViewController.m */ = {isa = PBXFileReference; lastKnownFileType = sourcecode.c.objc; path = PresenViewController.m; sourceTree = "<group>"; };
		B2B14E94214648D200671C55 /* PresenViewController.xib */ = {isa = PBXFileReference; lastKnownFileType = file.xib; path = PresenViewController.xib; sourceTree = "<group>"; };
		B2B14E972146492500671C55 /* person.h */ = {isa = PBXFileReference; lastKnownFileType = sourcecode.c.h; path = person.h; sourceTree = "<group>"; };
		B2B14E982146492500671C55 /* person.m */ = {isa = PBXFileReference; lastKnownFileType = sourcecode.c.objc; path = person.m; sourceTree = "<group>"; };
		B2B14EA62146625F00671C55 /* NSObject+test.h */ = {isa = PBXFileReference; lastKnownFileType = sourcecode.c.h; path = "NSObject+test.h"; sourceTree = "<group>"; };
		B2B14EA72146625F00671C55 /* NSObject+test.m */ = {isa = PBXFileReference; lastKnownFileType = sourcecode.c.objc; path = "NSObject+test.m"; sourceTree = "<group>"; };
		B2B14EA9214662D200671C55 /* NSObject+test.cpp */ = {isa = PBXFileReference; fileEncoding = 4; lastKnownFileType = sourcecode.cpp.cpp; path = "NSObject+test.cpp"; sourceTree = "<group>"; };
		B2B14EAE214671DA00671C55 /* ljjStu.h */ = {isa = PBXFileReference; lastKnownFileType = sourcecode.c.h; path = ljjStu.h; sourceTree = "<group>"; };
		B2B14EAF214671DA00671C55 /* ljjStu.m */ = {isa = PBXFileReference; lastKnownFileType = sourcecode.c.objc; path = ljjStu.m; sourceTree = "<group>"; };
		B2B14EB1214671FB00671C55 /* ljjStu+test.h */ = {isa = PBXFileReference; lastKnownFileType = sourcecode.c.h; path = "ljjStu+test.h"; sourceTree = "<group>"; };
		B2B14EB2214671FB00671C55 /* ljjStu+test.m */ = {isa = PBXFileReference; lastKnownFileType = sourcecode.c.objc; path = "ljjStu+test.m"; sourceTree = "<group>"; };
		B2D571532108493E0083A9A9 /* ScrollViewController.h */ = {isa = PBXFileReference; lastKnownFileType = sourcecode.c.h; path = ScrollViewController.h; sourceTree = "<group>"; };
		B2D571542108493E0083A9A9 /* ScrollViewController.m */ = {isa = PBXFileReference; lastKnownFileType = sourcecode.c.objc; path = ScrollViewController.m; sourceTree = "<group>"; };
		B2D5715621084B590083A9A9 /* PrefixHeader.pch */ = {isa = PBXFileReference; lastKnownFileType = sourcecode.c.h; path = PrefixHeader.pch; sourceTree = "<group>"; };
		B2EEBCBB20DCD5E300BFEC4C /* filePath.h */ = {isa = PBXFileReference; lastKnownFileType = sourcecode.c.h; path = filePath.h; sourceTree = "<group>"; };
		B2EEBCBC20DCD5E300BFEC4C /* filePath.m */ = {isa = PBXFileReference; lastKnownFileType = sourcecode.c.objc; path = filePath.m; sourceTree = "<group>"; };
		B2EEBCBE20DCE27B00BFEC4C /* FundationListTableViewController.h */ = {isa = PBXFileReference; lastKnownFileType = sourcecode.c.h; path = FundationListTableViewController.h; sourceTree = "<group>"; };
		B2EEBCBF20DCE27B00BFEC4C /* FundationListTableViewController.m */ = {isa = PBXFileReference; lastKnownFileType = sourcecode.c.objc; path = FundationListTableViewController.m; sourceTree = "<group>"; };
		B2EEBCC120DCE84100BFEC4C /* FileMananerHandleViewController.h */ = {isa = PBXFileReference; lastKnownFileType = sourcecode.c.h; path = FileMananerHandleViewController.h; sourceTree = "<group>"; };
		B2EEBCC220DCE84100BFEC4C /* FileMananerHandleViewController.m */ = {isa = PBXFileReference; lastKnownFileType = sourcecode.c.objc; path = FileMananerHandleViewController.m; sourceTree = "<group>"; };
		B2EEBCC320DCE84100BFEC4C /* FileMananerHandleViewController.xib */ = {isa = PBXFileReference; lastKnownFileType = file.xib; path = FileMananerHandleViewController.xib; sourceTree = "<group>"; };
		B2EEBCC620DCF25300BFEC4C /* ceishi.plist */ = {isa = PBXFileReference; lastKnownFileType = text.plist.xml; path = ceishi.plist; sourceTree = "<group>"; };
		B2F2E7262138F0F1001E6E60 /* LockViewController.h */ = {isa = PBXFileReference; lastKnownFileType = sourcecode.c.h; path = LockViewController.h; sourceTree = "<group>"; };
		B2F2E7272138F0F1001E6E60 /* LockViewController.m */ = {isa = PBXFileReference; lastKnownFileType = sourcecode.c.objc; path = LockViewController.m; sourceTree = "<group>"; };
		B2F2E7282138F0F1001E6E60 /* LockViewController.xib */ = {isa = PBXFileReference; lastKnownFileType = file.xib; path = LockViewController.xib; sourceTree = "<group>"; };
		B2F700B521103B3B00AEC360 /* OperationViewController.h */ = {isa = PBXFileReference; lastKnownFileType = sourcecode.c.h; path = OperationViewController.h; sourceTree = "<group>"; };
		B2F700B621103B3B00AEC360 /* OperationViewController.m */ = {isa = PBXFileReference; lastKnownFileType = sourcecode.c.objc; path = OperationViewController.m; sourceTree = "<group>"; };
		B2F700B721103B3B00AEC360 /* OperationViewController.xib */ = {isa = PBXFileReference; lastKnownFileType = file.xib; path = OperationViewController.xib; sourceTree = "<group>"; };
		B2FC259420E23CEF009B859D /* baseModel.h */ = {isa = PBXFileReference; lastKnownFileType = sourcecode.c.h; path = baseModel.h; sourceTree = "<group>"; };
		B2FC259520E23CEF009B859D /* baseModel.m */ = {isa = PBXFileReference; lastKnownFileType = sourcecode.c.objc; path = baseModel.m; sourceTree = "<group>"; };
		B2FC259720E24199009B859D /* student.h */ = {isa = PBXFileReference; lastKnownFileType = sourcecode.c.h; path = student.h; sourceTree = "<group>"; };
		B2FC259820E24199009B859D /* student.m */ = {isa = PBXFileReference; lastKnownFileType = sourcecode.c.objc; path = student.m; sourceTree = "<group>"; };
		B2FC259A20E2426D009B859D /* goodStudent.h */ = {isa = PBXFileReference; lastKnownFileType = sourcecode.c.h; path = goodStudent.h; sourceTree = "<group>"; };
		B2FC259B20E2426D009B859D /* goodStudent.m */ = {isa = PBXFileReference; lastKnownFileType = sourcecode.c.objc; path = goodStudent.m; sourceTree = "<group>"; };
		B2FC259D20E242A5009B859D /* CustomObjectCopyViewController.h */ = {isa = PBXFileReference; lastKnownFileType = sourcecode.c.h; path = CustomObjectCopyViewController.h; sourceTree = "<group>"; };
		B2FC259E20E242A5009B859D /* CustomObjectCopyViewController.m */ = {isa = PBXFileReference; lastKnownFileType = sourcecode.c.objc; path = CustomObjectCopyViewController.m; sourceTree = "<group>"; };
		B2FC259F20E242A5009B859D /* CustomObjectCopyViewController.xib */ = {isa = PBXFileReference; lastKnownFileType = file.xib; path = CustomObjectCopyViewController.xib; sourceTree = "<group>"; };
		D7D4688E26BFD4440002CAF5 /* OffScreenRenderedViewController.h */ = {isa = PBXFileReference; lastKnownFileType = sourcecode.c.h; path = OffScreenRenderedViewController.h; sourceTree = "<group>"; };
		D7D4688F26BFD4440002CAF5 /* OffScreenRenderedViewController.m */ = {isa = PBXFileReference; lastKnownFileType = sourcecode.c.objc; path = OffScreenRenderedViewController.m; sourceTree = "<group>"; };
		D7DFCA7926D1F46300B38244 /* TestFramework.framework */ = {isa = PBXFileReference; lastKnownFileType = wrapper.framework; path = TestFramework.framework; sourceTree = "<group>"; };
		D92AA8BAF6BAE1B1A6096245 /* Pods-learnOCItemTests.debug.xcconfig */ = {isa = PBXFileReference; includeInIndex = 1; lastKnownFileType = text.xcconfig; name = "Pods-learnOCItemTests.debug.xcconfig"; path = "Pods/Target Support Files/Pods-learnOCItemTests/Pods-learnOCItemTests.debug.xcconfig"; sourceTree = "<group>"; };
/* End PBXFileReference section */

/* Begin PBXFrameworksBuildPhase section */
		B281119F20DA1DD200D149F8 /* Frameworks */ = {
			isa = PBXFrameworksBuildPhase;
			buildActionMask = 2147483647;
			files = (
				44FA70539CDB4C18CB7FB4E2 /* libPods-learnOCItem.a in Frameworks */,
				D7DFCA7A26D1F46300B38244 /* TestFramework.framework in Frameworks */,
			);
			runOnlyForDeploymentPostprocessing = 0;
		};
		B28111B720DA1DD300D149F8 /* Frameworks */ = {
			isa = PBXFrameworksBuildPhase;
			buildActionMask = 2147483647;
			files = (
				7683496CB04F8AE34C8D6407 /* libPods-learnOCItemTests.a in Frameworks */,
			);
			runOnlyForDeploymentPostprocessing = 0;
		};
		B28111C220DA1DD300D149F8 /* Frameworks */ = {
			isa = PBXFrameworksBuildPhase;
			buildActionMask = 2147483647;
			files = (
				BCE209F7A00A3412C3DEE164 /* libPods-learnOCItemUITests.a in Frameworks */,
			);
			runOnlyForDeploymentPostprocessing = 0;
		};
/* End PBXFrameworksBuildPhase section */

/* Begin PBXGroup section */
		7D4AE9C02BEE717251F7B31E /* Pods */ = {
			isa = PBXGroup;
			children = (
				6E977488DF1B2D5874FAB7B0 /* Pods-learnOCItem.debug.xcconfig */,
				38B68DDF0F6DC28D5D6C6CA8 /* Pods-learnOCItem.release.xcconfig */,
				D92AA8BAF6BAE1B1A6096245 /* Pods-learnOCItemTests.debug.xcconfig */,
				3DC98C81FBFECD58FD773B6A /* Pods-learnOCItemTests.release.xcconfig */,
				AB16E62B29322540D17A4F0B /* Pods-learnOCItemUITests.debug.xcconfig */,
				B00C04BF0EE098F855C7D528 /* Pods-learnOCItemUITests.release.xcconfig */,
			);
			name = Pods;
			sourceTree = "<group>";
		};
		B21834A3213CE62E00297361 /* RunLoop */ = {
			isa = PBXGroup;
			children = (
				B21834A4213CE64400297361 /* RunLoopViewController.h */,
				B21834A5213CE64400297361 /* RunLoopViewController.m */,
				B21834A6213CE64400297361 /* RunLoopViewController.xib */,
			);
			path = RunLoop;
			sourceTree = "<group>";
		};
		B22B4A2D20FF0FD2000679C0 /* multithreading */ = {
			isa = PBXGroup;
			children = (
				B22B4A2E20FF0FF5000679C0 /* GCDPracticeViewController.h */,
				B22B4A2F20FF0FF5000679C0 /* GCDPracticeViewController.m */,
				B22B4A3020FF0FF5000679C0 /* GCDPracticeViewController.xib */,
				B22B4A3320FF101A000679C0 /* MultithreadingViewController.h */,
				B22B4A3420FF101A000679C0 /* MultithreadingViewController.m */,
				B22B4A3520FF101A000679C0 /* MultithreadingViewController.xib */,
				B2F700B521103B3B00AEC360 /* OperationViewController.h */,
				B2F700B621103B3B00AEC360 /* OperationViewController.m */,
				B2F700B721103B3B00AEC360 /* OperationViewController.xib */,
				B2F2E7262138F0F1001E6E60 /* LockViewController.h */,
				B2F2E7272138F0F1001E6E60 /* LockViewController.m */,
				B2F2E7282138F0F1001E6E60 /* LockViewController.xib */,
				0E1547E1219A72DA00FE3E2D /* YSCOperation.h */,
				0E1547E2219A72DB00FE3E2D /* YSCOperation.m */,
				0E1547E4219A768700FE3E2D /* NSThreadViewController.h */,
				0E1547E5219A768700FE3E2D /* NSThreadViewController.m */,
			);
			path = multithreading;
			sourceTree = "<group>";
		};
		B23C113A212BFAFB000FBE07 /* ImageView */ = {
			isa = PBXGroup;
			children = (
				B23C113B212BFC7D000FBE07 /* UIImageView+splicingImage.h */,
				B23C113C212BFC7D000FBE07 /* UIImageView+splicingImage.m */,
				B299DC1C212E8D48009A59C0 /* ComposeImageTableViewController.h */,
				B299DC1D212E8D48009A59C0 /* ComposeImageTableViewController.m */,
				B299DC1F212E8D7D009A59C0 /* ImageTableViewCell.h */,
				B299DC20212E8D7D009A59C0 /* ImageTableViewCell.m */,
				B299DC21212E8D7D009A59C0 /* ImageTableViewCell.xib */,
				B299DC24212E8E8D009A59C0 /* ImageModel.h */,
				B299DC25212E8E8D009A59C0 /* ImageModel.m */,
				41CCE8E12657A7730004854A /* ImageViewStretchViewController.h */,
				41CCE8E22657A7730004854A /* ImageViewStretchViewController.m */,
			);
			path = ImageView;
			sourceTree = "<group>";
		};
		B25EE6A12147A7020081BDFB /* Download */ = {
			isa = PBXGroup;
			children = (
			);
			path = Download;
			sourceTree = "<group>";
		};
		B26CA386214B484600F36052 /* Vendor */ = {
			isa = PBXGroup;
			children = (
			);
			path = Vendor;
			sourceTree = "<group>";
		};
		B2760C0A20F4AFEF004BA86E /* arithmetic */ = {
			isa = PBXGroup;
			children = (
				B2760C0B20F4B007004BA86E /* Arithmetic.h */,
				B2760C0C20F4B007004BA86E /* Arithmetic.m */,
				B25990E2210B16C3008175B8 /* BinaryTreeNode.h */,
				B25990E3210B16C3008175B8 /* BinaryTreeNode.m */,
				B29760A52148EF6700923B39 /* Search.h */,
				B29760A62148EF6700923B39 /* Search.m */,
			);
			path = arithmetic;
			sourceTree = "<group>";
		};
		B281119920DA1DD100D149F8 = {
			isa = PBXGroup;
			children = (
				B28111A420DA1DD200D149F8 /* learnOCItem */,
				B28111BD20DA1DD300D149F8 /* learnOCItemTests */,
				B28111C820DA1DD300D149F8 /* learnOCItemUITests */,
				B28111A320DA1DD200D149F8 /* Products */,
				7D4AE9C02BEE717251F7B31E /* Pods */,
				DB41B789D2F52D4E45AB88C1 /* Frameworks */,
			);
			sourceTree = "<group>";
		};
		B28111A320DA1DD200D149F8 /* Products */ = {
			isa = PBXGroup;
			children = (
				B28111A220DA1DD200D149F8 /* learnOCItem.app */,
				B28111BA20DA1DD300D149F8 /* learnOCItemTests.xctest */,
				B28111C520DA1DD300D149F8 /* learnOCItemUITests.xctest */,
			);
			name = Products;
			sourceTree = "<group>";
		};
		B28111A420DA1DD200D149F8 /* learnOCItem */ = {
			isa = PBXGroup;
			children = (
				B26CA386214B484600F36052 /* Vendor */,
				B21834A3213CE62E00297361 /* RunLoop */,
				B22B4A2D20FF0FD2000679C0 /* multithreading */,
				B2A0CABE20DB7F8D0001AAC8 /* UIKit */,
				B2A0CABD20DB7F830001AAC8 /* Fundation */,
				B28111D720DA35B000D149F8 /* RootViewController */,
				B28111A520DA1DD200D149F8 /* AppDelegate.h */,
				B28111A620DA1DD200D149F8 /* AppDelegate.m */,
				B2D5715621084B590083A9A9 /* PrefixHeader.pch */,
				B28111DF20DA3B8B00D149F8 /* UIKitListTableViewController.h */,
				B28111E020DA3B8B00D149F8 /* UIKitListTableViewController.m */,
				D7DFCA7926D1F46300B38244 /* TestFramework.framework */,
				B2EEBCBE20DCE27B00BFEC4C /* FundationListTableViewController.h */,
				B2EEBCBF20DCE27B00BFEC4C /* FundationListTableViewController.m */,
				B28111AB20DA1DD200D149F8 /* Main.storyboard */,
				B28111AE20DA1DD300D149F8 /* Assets.xcassets */,
				B28111B020DA1DD300D149F8 /* LaunchScreen.storyboard */,
				B28111B320DA1DD300D149F8 /* Info.plist */,
				B28111B420DA1DD300D149F8 /* main.m */,
			);
			path = learnOCItem;
			sourceTree = "<group>";
		};
		B28111BD20DA1DD300D149F8 /* learnOCItemTests */ = {
			isa = PBXGroup;
			children = (
				B28111BE20DA1DD300D149F8 /* learnOCItemTests.m */,
				B28111C020DA1DD300D149F8 /* Info.plist */,
				B2EEBCC620DCF25300BFEC4C /* ceishi.plist */,
			);
			path = learnOCItemTests;
			sourceTree = "<group>";
		};
		B28111C820DA1DD300D149F8 /* learnOCItemUITests */ = {
			isa = PBXGroup;
			children = (
				B28111C920DA1DD300D149F8 /* learnOCItemUITests.m */,
				B28111CB20DA1DD300D149F8 /* Info.plist */,
			);
			path = learnOCItemUITests;
			sourceTree = "<group>";
		};
		B28111D720DA35B000D149F8 /* RootViewController */ = {
			isa = PBXGroup;
			children = (
				B28111DB20DA36C900D149F8 /* basicTabBarController.h */,
				B28111DC20DA36C900D149F8 /* basicTabBarController.m */,
			);
			path = RootViewController;
			sourceTree = "<group>";
		};
		B286BFAC21007BB400B69954 /* MemoryManagement */ = {
			isa = PBXGroup;
			children = (
				B286BFAD21007BC800B69954 /* MemoryManageViewController.h */,
				B286BFAE21007BC800B69954 /* MemoryManageViewController.m */,
				B286BFAF21007BC800B69954 /* MemoryManageViewController.xib */,
			);
			path = MemoryManagement;
			sourceTree = "<group>";
		};
		B29A2E9C211EC0CA0054C28C /* KVC */ = {
			isa = PBXGroup;
			children = (
				B29A2E9D211EC1060054C28C /* KVCViewController.h */,
				B29A2E9E211EC1060054C28C /* KVCViewController.m */,
				B29A2E9F211EC1060054C28C /* KVCViewController.xib */,
				B29A2EA2211EC16A0054C28C /* Dog.h */,
				B29A2EA3211EC16A0054C28C /* Dog.m */,
				B29A2EA5211EC5BE0054C28C /* zoology.h */,
				B29A2EA6211EC5BE0054C28C /* zoology.m */,
			);
			path = KVC;
			sourceTree = "<group>";
		};
		B2A0CABD20DB7F830001AAC8 /* Fundation */ = {
			isa = PBXGroup;
			children = (
				B25EE6A12147A7020081BDFB /* Download */,
				B2B14E91214648B100671C55 /* categoryLoad */,
				B29A2E9C211EC0CA0054C28C /* KVC */,
				B2A6CCC62107238A00ED7B69 /* Block */,
				B286BFAC21007BB400B69954 /* MemoryManagement */,
				B2760C0A20F4AFEF004BA86E /* arithmetic */,
				B2FC259320E23CD5009B859D /* Copy */,
				B2EEBCBA20DCD58800BFEC4C /* store */,
			);
			path = Fundation;
			sourceTree = "<group>";
		};
		B2A0CABE20DB7F8D0001AAC8 /* UIKit */ = {
			isa = PBXGroup;
			children = (
				D7D4688D26BFD3E10002CAF5 /* off-screenRendered */,
				B2B14E8B2145FDDD00671C55 /* ReactCocoa */,
				B23C113A212BFAFB000FBE07 /* ImageView */,
				B2D57152210849290083A9A9 /* ScrollView */,
				B2A8C73B20F7251500135B80 /* UIViewAndCALayer */,
				B2A0CAC920DB8AE50001AAC8 /* responderChain */,
				B2A0CAC220DB801C0001AAC8 /* KVO */,
			);
			path = UIKit;
			sourceTree = "<group>";
		};
		B2A0CAC220DB801C0001AAC8 /* KVO */ = {
			isa = PBXGroup;
			children = (
				B2A0CAC620DB801C0001AAC8 /* YBNotification.h */,
				B2A0CAC320DB801C0001AAC8 /* YBNotification.m */,
				B2A0CAC520DB801C0001AAC8 /* KVOViewController.h */,
				B2A0CAC420DB801C0001AAC8 /* KVOViewController.m */,
			);
			path = KVO;
			sourceTree = "<group>";
		};
		B2A0CAC920DB8AE50001AAC8 /* responderChain */ = {
			isa = PBXGroup;
			children = (
				B2A0CACA20DB8B000001AAC8 /* ResponseChainViewController.h */,
				B2A0CACB20DB8B000001AAC8 /* ResponseChainViewController.m */,
				B2A0CACC20DB8B000001AAC8 /* ResponseChainViewController.xib */,
				B2A0CACF20DB8CE60001AAC8 /* responseView1.h */,
				B2A0CAD020DB8CE60001AAC8 /* responseView1.m */,
				B2A0CAD220DB8CFA0001AAC8 /* responseView2.h */,
				B2A0CAD320DB8CFA0001AAC8 /* responseView2.m */,
				B2A0CAD520DB8D040001AAC8 /* responseView3.h */,
				B2A0CAD620DB8D040001AAC8 /* responseView3.m */,
			);
			path = responderChain;
			sourceTree = "<group>";
		};
		B2A6CCC62107238A00ED7B69 /* Block */ = {
			isa = PBXGroup;
			children = (
				B2A6CCC7210723BB00ED7B69 /* BlockViewController.h */,
				B2A6CCC8210723BB00ED7B69 /* BlockViewController.m */,
				B2A6CCC9210723BB00ED7B69 /* BlockViewController.xib */,
				B2A6CCCC210723E300ED7B69 /* StuViewController.h */,
				B2A6CCCD210723E300ED7B69 /* StuViewController.m */,
				B2A6CCCE210723E300ED7B69 /* StuViewController.xib */,
			);
			path = Block;
			sourceTree = "<group>";
		};
		B2A8C73B20F7251500135B80 /* UIViewAndCALayer */ = {
			isa = PBXGroup;
			children = (
				B2A8C73C20F7254200135B80 /* CALayerAndViewViewController.h */,
				B2A8C73D20F7254200135B80 /* CALayerAndViewViewController.m */,
				B2A8C73E20F7254200135B80 /* CALayerAndViewViewController.xib */,
				B2A8C74120F7278800135B80 /* view.h */,
				B2A8C74220F7278800135B80 /* view.m */,
			);
			path = UIViewAndCALayer;
			sourceTree = "<group>";
		};
		B2B14E8B2145FDDD00671C55 /* ReactCocoa */ = {
			isa = PBXGroup;
			children = (
				B2B14E8C2145FE0600671C55 /* ReactCocoaViewController.h */,
				B2B14E8D2145FE0600671C55 /* ReactCocoaViewController.m */,
				B2B14E8E2145FE0600671C55 /* ReactCocoaViewController.xib */,
			);
			path = ReactCocoa;
			sourceTree = "<group>";
		};
		B2B14E91214648B100671C55 /* categoryLoad */ = {
			isa = PBXGroup;
			children = (
				B2B14EA9214662D200671C55 /* NSObject+test.cpp */,
				B2B14E92214648D200671C55 /* PresenViewController.h */,
				B2B14E93214648D200671C55 /* PresenViewController.m */,
				B2B14E94214648D200671C55 /* PresenViewController.xib */,
				B2B14E972146492500671C55 /* person.h */,
				B2B14E982146492500671C55 /* person.m */,
				B2B14EA62146625F00671C55 /* NSObject+test.h */,
				B2B14EA72146625F00671C55 /* NSObject+test.m */,
				B2B14EAE214671DA00671C55 /* ljjStu.h */,
				B2B14EAF214671DA00671C55 /* ljjStu.m */,
				B2B14EB1214671FB00671C55 /* ljjStu+test.h */,
				B2B14EB2214671FB00671C55 /* ljjStu+test.m */,
			);
			path = categoryLoad;
			sourceTree = "<group>";
		};
		B2D57152210849290083A9A9 /* ScrollView */ = {
			isa = PBXGroup;
			children = (
				B2D571532108493E0083A9A9 /* ScrollViewController.h */,
				B2D571542108493E0083A9A9 /* ScrollViewController.m */,
			);
			path = ScrollView;
			sourceTree = "<group>";
		};
		B2EEBCBA20DCD58800BFEC4C /* store */ = {
			isa = PBXGroup;
			children = (
				B2EEBCBB20DCD5E300BFEC4C /* filePath.h */,
				B2EEBCBC20DCD5E300BFEC4C /* filePath.m */,
				B2EEBCC120DCE84100BFEC4C /* FileMananerHandleViewController.h */,
				B2EEBCC220DCE84100BFEC4C /* FileMananerHandleViewController.m */,
				B2EEBCC320DCE84100BFEC4C /* FileMananerHandleViewController.xib */,
				B2A4028820E0E94B0001CC7B /* FMDBLearnViewController.h */,
				B2A4028920E0E94B0001CC7B /* FMDBLearnViewController.m */,
				B2A4028A20E0E94B0001CC7B /* FMDBLearnViewController.xib */,
			);
			path = store;
			sourceTree = "<group>";
		};
		B2FC259320E23CD5009B859D /* Copy */ = {
			isa = PBXGroup;
			children = (
				B2FC259420E23CEF009B859D /* baseModel.h */,
				B2FC259520E23CEF009B859D /* baseModel.m */,
				B2FC259720E24199009B859D /* student.h */,
				B2FC259820E24199009B859D /* student.m */,
				B2FC259A20E2426D009B859D /* goodStudent.h */,
				B2FC259B20E2426D009B859D /* goodStudent.m */,
				B2FC259D20E242A5009B859D /* CustomObjectCopyViewController.h */,
				B2FC259E20E242A5009B859D /* CustomObjectCopyViewController.m */,
				B2FC259F20E242A5009B859D /* CustomObjectCopyViewController.xib */,
			);
			path = Copy;
			sourceTree = "<group>";
		};
		D7D4688D26BFD3E10002CAF5 /* off-screenRendered */ = {
			isa = PBXGroup;
			children = (
				D7D4688E26BFD4440002CAF5 /* OffScreenRenderedViewController.h */,
				D7D4688F26BFD4440002CAF5 /* OffScreenRenderedViewController.m */,
			);
			path = "off-screenRendered";
			sourceTree = "<group>";
		};
		DB41B789D2F52D4E45AB88C1 /* Frameworks */ = {
			isa = PBXGroup;
			children = (
				25985B79CCC73E70C7DA7849 /* libPods-learnOCItem.a */,
				1A34F336B3C22BA4BB59416D /* libPods-learnOCItemTests.a */,
				607DFE74C88E28DD7C1C5C44 /* libPods-learnOCItemUITests.a */,
			);
			name = Frameworks;
			sourceTree = "<group>";
		};
/* End PBXGroup section */

/* Begin PBXNativeTarget section */
		B28111A120DA1DD200D149F8 /* learnOCItem */ = {
			isa = PBXNativeTarget;
			buildConfigurationList = B28111CE20DA1DD300D149F8 /* Build configuration list for PBXNativeTarget "learnOCItem" */;
			buildPhases = (
				164C4C305CCA78AE50EF7DEF /* [CP] Check Pods Manifest.lock */,
				B281119E20DA1DD200D149F8 /* Sources */,
				B281119F20DA1DD200D149F8 /* Frameworks */,
				B28111A020DA1DD200D149F8 /* Resources */,
			);
			buildRules = (
			);
			dependencies = (
			);
			name = learnOCItem;
			productName = learnOCItem;
			productReference = B28111A220DA1DD200D149F8 /* learnOCItem.app */;
			productType = "com.apple.product-type.application";
		};
		B28111B920DA1DD300D149F8 /* learnOCItemTests */ = {
			isa = PBXNativeTarget;
			buildConfigurationList = B28111D120DA1DD300D149F8 /* Build configuration list for PBXNativeTarget "learnOCItemTests" */;
			buildPhases = (
				CE41425D8B5D6E4FED0220B5 /* [CP] Check Pods Manifest.lock */,
				B28111B620DA1DD300D149F8 /* Sources */,
				B28111B720DA1DD300D149F8 /* Frameworks */,
				B28111B820DA1DD300D149F8 /* Resources */,
			);
			buildRules = (
			);
			dependencies = (
				B28111BC20DA1DD300D149F8 /* PBXTargetDependency */,
			);
			name = learnOCItemTests;
			productName = learnOCItemTests;
			productReference = B28111BA20DA1DD300D149F8 /* learnOCItemTests.xctest */;
			productType = "com.apple.product-type.bundle.unit-test";
		};
		B28111C420DA1DD300D149F8 /* learnOCItemUITests */ = {
			isa = PBXNativeTarget;
			buildConfigurationList = B28111D420DA1DD300D149F8 /* Build configuration list for PBXNativeTarget "learnOCItemUITests" */;
			buildPhases = (
				32C59AA76E1732797EB4F8A3 /* [CP] Check Pods Manifest.lock */,
				B28111C120DA1DD300D149F8 /* Sources */,
				B28111C220DA1DD300D149F8 /* Frameworks */,
				B28111C320DA1DD300D149F8 /* Resources */,
			);
			buildRules = (
			);
			dependencies = (
				B28111C720DA1DD300D149F8 /* PBXTargetDependency */,
			);
			name = learnOCItemUITests;
			productName = learnOCItemUITests;
			productReference = B28111C520DA1DD300D149F8 /* learnOCItemUITests.xctest */;
			productType = "com.apple.product-type.bundle.ui-testing";
		};
/* End PBXNativeTarget section */

/* Begin PBXProject section */
		B281119A20DA1DD100D149F8 /* Project object */ = {
			isa = PBXProject;
			attributes = {
				LastUpgradeCheck = 0940;
				ORGANIZATIONNAME = shanghaiDouke.com;
				TargetAttributes = {
					B28111A120DA1DD200D149F8 = {
						CreatedOnToolsVersion = 9.4.1;
					};
					B28111B920DA1DD300D149F8 = {
						CreatedOnToolsVersion = 9.4.1;
						TestTargetID = B28111A120DA1DD200D149F8;
					};
					B28111C420DA1DD300D149F8 = {
						CreatedOnToolsVersion = 9.4.1;
						TestTargetID = B28111A120DA1DD200D149F8;
					};
				};
			};
			buildConfigurationList = B281119D20DA1DD100D149F8 /* Build configuration list for PBXProject "learnOCItem" */;
			compatibilityVersion = "Xcode 9.3";
			developmentRegion = en;
			hasScannedForEncodings = 0;
			knownRegions = (
				en,
				Base,
			);
			mainGroup = B281119920DA1DD100D149F8;
			productRefGroup = B28111A320DA1DD200D149F8 /* Products */;
			projectDirPath = "";
			projectRoot = "";
			targets = (
				B28111A120DA1DD200D149F8 /* learnOCItem */,
				B28111B920DA1DD300D149F8 /* learnOCItemTests */,
				B28111C420DA1DD300D149F8 /* learnOCItemUITests */,
			);
		};
/* End PBXProject section */

/* Begin PBXResourcesBuildPhase section */
		B28111A020DA1DD200D149F8 /* Resources */ = {
			isa = PBXResourcesBuildPhase;
			buildActionMask = 2147483647;
			files = (
				B28111B220DA1DD300D149F8 /* LaunchScreen.storyboard in Resources */,
				B2A0CACE20DB8B000001AAC8 /* ResponseChainViewController.xib in Resources */,
				B22B4A3220FF0FF5000679C0 /* GCDPracticeViewController.xib in Resources */,
				B2F2E72A2138F0F1001E6E60 /* LockViewController.xib in Resources */,
				B2A6CCD0210723E300ED7B69 /* StuViewController.xib in Resources */,
				B2EEBCC520DCE84100BFEC4C /* FileMananerHandleViewController.xib in Resources */,
				B21834A8213CE64400297361 /* RunLoopViewController.xib in Resources */,
				B2F700B921103B3B00AEC360 /* OperationViewController.xib in Resources */,
				B2B14E902145FE0600671C55 /* ReactCocoaViewController.xib in Resources */,
				B286BFB121007BC800B69954 /* MemoryManageViewController.xib in Resources */,
				B299DC23212E8D7D009A59C0 /* ImageTableViewCell.xib in Resources */,
				B22B4A3720FF101A000679C0 /* MultithreadingViewController.xib in Resources */,
				B2FC25A120E242A5009B859D /* CustomObjectCopyViewController.xib in Resources */,
				B29A2EA1211EC1060054C28C /* KVCViewController.xib in Resources */,
				B2A6CCCB210723BB00ED7B69 /* BlockViewController.xib in Resources */,
				B2B14E96214648D200671C55 /* PresenViewController.xib in Resources */,
				B2A4028C20E0E94B0001CC7B /* FMDBLearnViewController.xib in Resources */,
				B28111AF20DA1DD300D149F8 /* Assets.xcassets in Resources */,
				B28111AD20DA1DD200D149F8 /* Main.storyboard in Resources */,
				B2A8C74020F7254200135B80 /* CALayerAndViewViewController.xib in Resources */,
				B2EEBCC720DCF25300BFEC4C /* ceishi.plist in Resources */,
			);
			runOnlyForDeploymentPostprocessing = 0;
		};
		B28111B820DA1DD300D149F8 /* Resources */ = {
			isa = PBXResourcesBuildPhase;
			buildActionMask = 2147483647;
			files = (
				B2EEBCC820DCF25300BFEC4C /* ceishi.plist in Resources */,
			);
			runOnlyForDeploymentPostprocessing = 0;
		};
		B28111C320DA1DD300D149F8 /* Resources */ = {
			isa = PBXResourcesBuildPhase;
			buildActionMask = 2147483647;
			files = (
			);
			runOnlyForDeploymentPostprocessing = 0;
		};
/* End PBXResourcesBuildPhase section */

/* Begin PBXShellScriptBuildPhase section */
		164C4C305CCA78AE50EF7DEF /* [CP] Check Pods Manifest.lock */ = {
			isa = PBXShellScriptBuildPhase;
			buildActionMask = 2147483647;
			files = (
			);
			inputPaths = (
				"${PODS_PODFILE_DIR_PATH}/Podfile.lock",
				"${PODS_ROOT}/Manifest.lock",
			);
			name = "[CP] Check Pods Manifest.lock";
			outputPaths = (
				"$(DERIVED_FILE_DIR)/Pods-learnOCItem-checkManifestLockResult.txt",
			);
			runOnlyForDeploymentPostprocessing = 0;
			shellPath = /bin/sh;
			shellScript = "diff \"${PODS_PODFILE_DIR_PATH}/Podfile.lock\" \"${PODS_ROOT}/Manifest.lock\" > /dev/null\nif [ $? != 0 ] ; then\n    # print error to STDERR\n    echo \"error: The sandbox is not in sync with the Podfile.lock. Run 'pod install' or update your CocoaPods installation.\" >&2\n    exit 1\nfi\n# This output is used by Xcode 'outputs' to avoid re-running this script phase.\necho \"SUCCESS\" > \"${SCRIPT_OUTPUT_FILE_0}\"\n";
			showEnvVarsInLog = 0;
		};
		32C59AA76E1732797EB4F8A3 /* [CP] Check Pods Manifest.lock */ = {
			isa = PBXShellScriptBuildPhase;
			buildActionMask = 2147483647;
			files = (
			);
			inputPaths = (
				"${PODS_PODFILE_DIR_PATH}/Podfile.lock",
				"${PODS_ROOT}/Manifest.lock",
			);
			name = "[CP] Check Pods Manifest.lock";
			outputPaths = (
				"$(DERIVED_FILE_DIR)/Pods-learnOCItemUITests-checkManifestLockResult.txt",
			);
			runOnlyForDeploymentPostprocessing = 0;
			shellPath = /bin/sh;
			shellScript = "diff \"${PODS_PODFILE_DIR_PATH}/Podfile.lock\" \"${PODS_ROOT}/Manifest.lock\" > /dev/null\nif [ $? != 0 ] ; then\n    # print error to STDERR\n    echo \"error: The sandbox is not in sync with the Podfile.lock. Run 'pod install' or update your CocoaPods installation.\" >&2\n    exit 1\nfi\n# This output is used by Xcode 'outputs' to avoid re-running this script phase.\necho \"SUCCESS\" > \"${SCRIPT_OUTPUT_FILE_0}\"\n";
			showEnvVarsInLog = 0;
		};
		CE41425D8B5D6E4FED0220B5 /* [CP] Check Pods Manifest.lock */ = {
			isa = PBXShellScriptBuildPhase;
			buildActionMask = 2147483647;
			files = (
			);
			inputPaths = (
				"${PODS_PODFILE_DIR_PATH}/Podfile.lock",
				"${PODS_ROOT}/Manifest.lock",
			);
			name = "[CP] Check Pods Manifest.lock";
			outputPaths = (
				"$(DERIVED_FILE_DIR)/Pods-learnOCItemTests-checkManifestLockResult.txt",
			);
			runOnlyForDeploymentPostprocessing = 0;
			shellPath = /bin/sh;
			shellScript = "diff \"${PODS_PODFILE_DIR_PATH}/Podfile.lock\" \"${PODS_ROOT}/Manifest.lock\" > /dev/null\nif [ $? != 0 ] ; then\n    # print error to STDERR\n    echo \"error: The sandbox is not in sync with the Podfile.lock. Run 'pod install' or update your CocoaPods installation.\" >&2\n    exit 1\nfi\n# This output is used by Xcode 'outputs' to avoid re-running this script phase.\necho \"SUCCESS\" > \"${SCRIPT_OUTPUT_FILE_0}\"\n";
			showEnvVarsInLog = 0;
		};
/* End PBXShellScriptBuildPhase section */

/* Begin PBXSourcesBuildPhase section */
		B281119E20DA1DD200D149F8 /* Sources */ = {
			isa = PBXSourcesBuildPhase;
			buildActionMask = 2147483647;
			files = (
				B2A4028B20E0E94B0001CC7B /* FMDBLearnViewController.m in Sources */,
				D7D4689026BFD4440002CAF5 /* OffScreenRenderedViewController.m in Sources */,
				B2EEBCC020DCE27B00BFEC4C /* FundationListTableViewController.m in Sources */,
				B2A0CAD420DB8CFA0001AAC8 /* responseView2.m in Sources */,
				B299DC26212E8E8D009A59C0 /* ImageModel.m in Sources */,
				B28111E120DA3B8B00D149F8 /* UIKitListTableViewController.m in Sources */,
				B22B4A3620FF101A000679C0 /* MultithreadingViewController.m in Sources */,
				B2FC259C20E2426D009B859D /* goodStudent.m in Sources */,
				B28111DD20DA36C900D149F8 /* basicTabBarController.m in Sources */,
				B2760C0D20F4B007004BA86E /* Arithmetic.m in Sources */,
				B2EEBCBD20DCD5E300BFEC4C /* filePath.m in Sources */,
				B21834A7213CE64400297361 /* RunLoopViewController.m in Sources */,
				B28111B520DA1DD300D149F8 /* main.m in Sources */,
				B2B14EB0214671DA00671C55 /* ljjStu.m in Sources */,
				B2B14E8F2145FE0600671C55 /* ReactCocoaViewController.m in Sources */,
				B2A0CACD20DB8B000001AAC8 /* ResponseChainViewController.m in Sources */,
				B23C113D212BFC7D000FBE07 /* UIImageView+splicingImage.m in Sources */,
				B2A8C74320F7278800135B80 /* view.m in Sources */,
				B2EEBCC420DCE84100BFEC4C /* FileMananerHandleViewController.m in Sources */,
				B2A0CAD720DB8D040001AAC8 /* responseView3.m in Sources */,
				B28111A720DA1DD200D149F8 /* AppDelegate.m in Sources */,
				B299DC1E212E8D48009A59C0 /* ComposeImageTableViewController.m in Sources */,
				B29A2EA0211EC1060054C28C /* KVCViewController.m in Sources */,
				B2F2E7292138F0F1001E6E60 /* LockViewController.m in Sources */,
				B22B4A3120FF0FF5000679C0 /* GCDPracticeViewController.m in Sources */,
				B286BFB021007BC800B69954 /* MemoryManageViewController.m in Sources */,
				B2B14E992146492500671C55 /* person.m in Sources */,
				B2F700B821103B3B00AEC360 /* OperationViewController.m in Sources */,
				0E1547E3219A72DB00FE3E2D /* YSCOperation.m in Sources */,
				B29760A72148EF6700923B39 /* Search.m in Sources */,
				B2FC259920E24199009B859D /* student.m in Sources */,
				B299DC22212E8D7D009A59C0 /* ImageTableViewCell.m in Sources */,
				B2B14EA82146625F00671C55 /* NSObject+test.m in Sources */,
				B2A0CAD120DB8CE60001AAC8 /* responseView1.m in Sources */,
				B2A8C73F20F7254200135B80 /* CALayerAndViewViewController.m in Sources */,
				B2B14E95214648D200671C55 /* PresenViewController.m in Sources */,
				B2FC25A020E242A5009B859D /* CustomObjectCopyViewController.m in Sources */,
				B29A2EA7211EC5BE0054C28C /* zoology.m in Sources */,
				B2D571552108493E0083A9A9 /* ScrollViewController.m in Sources */,
				B29A2EA4211EC16A0054C28C /* Dog.m in Sources */,
				0E1547E6219A768700FE3E2D /* NSThreadViewController.m in Sources */,
				B2A6CCCF210723E300ED7B69 /* StuViewController.m in Sources */,
				B2A0CAC720DB801C0001AAC8 /* YBNotification.m in Sources */,
				41CCE8E32657A7730004854A /* ImageViewStretchViewController.m in Sources */,
				B2FC259620E23CEF009B859D /* baseModel.m in Sources */,
				B2A6CCCA210723BB00ED7B69 /* BlockViewController.m in Sources */,
				B25990E4210B16C4008175B8 /* BinaryTreeNode.m in Sources */,
				B2A0CAC820DB801C0001AAC8 /* KVOViewController.m in Sources */,
				B2B14EB3214671FB00671C55 /* ljjStu+test.m in Sources */,
			);
			runOnlyForDeploymentPostprocessing = 0;
		};
		B28111B620DA1DD300D149F8 /* Sources */ = {
			isa = PBXSourcesBuildPhase;
			buildActionMask = 2147483647;
			files = (
				B28111BF20DA1DD300D149F8 /* learnOCItemTests.m in Sources */,
			);
			runOnlyForDeploymentPostprocessing = 0;
		};
		B28111C120DA1DD300D149F8 /* Sources */ = {
			isa = PBXSourcesBuildPhase;
			buildActionMask = 2147483647;
			files = (
				B28111CA20DA1DD300D149F8 /* learnOCItemUITests.m in Sources */,
			);
			runOnlyForDeploymentPostprocessing = 0;
		};
/* End PBXSourcesBuildPhase section */

/* Begin PBXTargetDependency section */
		B28111BC20DA1DD300D149F8 /* PBXTargetDependency */ = {
			isa = PBXTargetDependency;
			target = B28111A120DA1DD200D149F8 /* learnOCItem */;
			targetProxy = B28111BB20DA1DD300D149F8 /* PBXContainerItemProxy */;
		};
		B28111C720DA1DD300D149F8 /* PBXTargetDependency */ = {
			isa = PBXTargetDependency;
			target = B28111A120DA1DD200D149F8 /* learnOCItem */;
			targetProxy = B28111C620DA1DD300D149F8 /* PBXContainerItemProxy */;
		};
/* End PBXTargetDependency section */

/* Begin PBXVariantGroup section */
		B28111AB20DA1DD200D149F8 /* Main.storyboard */ = {
			isa = PBXVariantGroup;
			children = (
				B28111AC20DA1DD200D149F8 /* Base */,
			);
			name = Main.storyboard;
			sourceTree = "<group>";
		};
		B28111B020DA1DD300D149F8 /* LaunchScreen.storyboard */ = {
			isa = PBXVariantGroup;
			children = (
				B28111B120DA1DD300D149F8 /* Base */,
			);
			name = LaunchScreen.storyboard;
			sourceTree = "<group>";
		};
/* End PBXVariantGroup section */

/* Begin XCBuildConfiguration section */
		B28111CC20DA1DD300D149F8 /* Debug */ = {
			isa = XCBuildConfiguration;
			buildSettings = {
				ALWAYS_SEARCH_USER_PATHS = NO;
				CLANG_ANALYZER_NONNULL = YES;
				CLANG_ANALYZER_NUMBER_OBJECT_CONVERSION = YES_AGGRESSIVE;
				CLANG_CXX_LANGUAGE_STANDARD = "gnu++14";
				CLANG_CXX_LIBRARY = "libc++";
				CLANG_ENABLE_MODULES = YES;
				CLANG_ENABLE_OBJC_ARC = YES;
				CLANG_ENABLE_OBJC_WEAK = YES;
				CLANG_WARN_BLOCK_CAPTURE_AUTORELEASING = YES;
				CLANG_WARN_BOOL_CONVERSION = YES;
				CLANG_WARN_COMMA = YES;
				CLANG_WARN_CONSTANT_CONVERSION = YES;
				CLANG_WARN_DEPRECATED_OBJC_IMPLEMENTATIONS = YES;
				CLANG_WARN_DIRECT_OBJC_ISA_USAGE = YES_ERROR;
				CLANG_WARN_DOCUMENTATION_COMMENTS = YES;
				CLANG_WARN_EMPTY_BODY = YES;
				CLANG_WARN_ENUM_CONVERSION = YES;
				CLANG_WARN_INFINITE_RECURSION = YES;
				CLANG_WARN_INT_CONVERSION = YES;
				CLANG_WARN_NON_LITERAL_NULL_CONVERSION = YES;
				CLANG_WARN_OBJC_IMPLICIT_RETAIN_SELF = YES;
				CLANG_WARN_OBJC_LITERAL_CONVERSION = YES;
				CLANG_WARN_OBJC_ROOT_CLASS = YES_ERROR;
				CLANG_WARN_RANGE_LOOP_ANALYSIS = YES;
				CLANG_WARN_STRICT_PROTOTYPES = YES;
				CLANG_WARN_SUSPICIOUS_MOVE = YES;
				CLANG_WARN_UNGUARDED_AVAILABILITY = YES_AGGRESSIVE;
				CLANG_WARN_UNREACHABLE_CODE = YES;
				CLANG_WARN__DUPLICATE_METHOD_MATCH = YES;
				CODE_SIGN_IDENTITY = "iPhone Developer";
				COPY_PHASE_STRIP = NO;
				DEBUG_INFORMATION_FORMAT = dwarf;
				ENABLE_STRICT_OBJC_MSGSEND = YES;
				ENABLE_TESTABILITY = YES;
				GCC_C_LANGUAGE_STANDARD = gnu11;
				GCC_DYNAMIC_NO_PIC = NO;
				GCC_NO_COMMON_BLOCKS = YES;
				GCC_OPTIMIZATION_LEVEL = 0;
				GCC_PREPROCESSOR_DEFINITIONS = (
					"DEBUG=1",
					"$(inherited)",
				);
				GCC_WARN_64_TO_32_BIT_CONVERSION = YES;
				GCC_WARN_ABOUT_RETURN_TYPE = YES_ERROR;
				GCC_WARN_UNDECLARED_SELECTOR = YES;
				GCC_WARN_UNINITIALIZED_AUTOS = YES_AGGRESSIVE;
				GCC_WARN_UNUSED_FUNCTION = YES;
				GCC_WARN_UNUSED_VARIABLE = YES;
				IPHONEOS_DEPLOYMENT_TARGET = 9.0;
				MTL_ENABLE_DEBUG_INFO = YES;
				ONLY_ACTIVE_ARCH = YES;
				SDKROOT = iphoneos;
			};
			name = Debug;
		};
		B28111CD20DA1DD300D149F8 /* Release */ = {
			isa = XCBuildConfiguration;
			buildSettings = {
				ALWAYS_SEARCH_USER_PATHS = NO;
				CLANG_ANALYZER_NONNULL = YES;
				CLANG_ANALYZER_NUMBER_OBJECT_CONVERSION = YES_AGGRESSIVE;
				CLANG_CXX_LANGUAGE_STANDARD = "gnu++14";
				CLANG_CXX_LIBRARY = "libc++";
				CLANG_ENABLE_MODULES = YES;
				CLANG_ENABLE_OBJC_ARC = YES;
				CLANG_ENABLE_OBJC_WEAK = YES;
				CLANG_WARN_BLOCK_CAPTURE_AUTORELEASING = YES;
				CLANG_WARN_BOOL_CONVERSION = YES;
				CLANG_WARN_COMMA = YES;
				CLANG_WARN_CONSTANT_CONVERSION = YES;
				CLANG_WARN_DEPRECATED_OBJC_IMPLEMENTATIONS = YES;
				CLANG_WARN_DIRECT_OBJC_ISA_USAGE = YES_ERROR;
				CLANG_WARN_DOCUMENTATION_COMMENTS = YES;
				CLANG_WARN_EMPTY_BODY = YES;
				CLANG_WARN_ENUM_CONVERSION = YES;
				CLANG_WARN_INFINITE_RECURSION = YES;
				CLANG_WARN_INT_CONVERSION = YES;
				CLANG_WARN_NON_LITERAL_NULL_CONVERSION = YES;
				CLANG_WARN_OBJC_IMPLICIT_RETAIN_SELF = YES;
				CLANG_WARN_OBJC_LITERAL_CONVERSION = YES;
				CLANG_WARN_OBJC_ROOT_CLASS = YES_ERROR;
				CLANG_WARN_RANGE_LOOP_ANALYSIS = YES;
				CLANG_WARN_STRICT_PROTOTYPES = YES;
				CLANG_WARN_SUSPICIOUS_MOVE = YES;
				CLANG_WARN_UNGUARDED_AVAILABILITY = YES_AGGRESSIVE;
				CLANG_WARN_UNREACHABLE_CODE = YES;
				CLANG_WARN__DUPLICATE_METHOD_MATCH = YES;
				CODE_SIGN_IDENTITY = "iPhone Developer";
				COPY_PHASE_STRIP = NO;
				DEBUG_INFORMATION_FORMAT = "dwarf-with-dsym";
				ENABLE_NS_ASSERTIONS = NO;
				ENABLE_STRICT_OBJC_MSGSEND = YES;
				GCC_C_LANGUAGE_STANDARD = gnu11;
				GCC_NO_COMMON_BLOCKS = YES;
				GCC_WARN_64_TO_32_BIT_CONVERSION = YES;
				GCC_WARN_ABOUT_RETURN_TYPE = YES_ERROR;
				GCC_WARN_UNDECLARED_SELECTOR = YES;
				GCC_WARN_UNINITIALIZED_AUTOS = YES_AGGRESSIVE;
				GCC_WARN_UNUSED_FUNCTION = YES;
				GCC_WARN_UNUSED_VARIABLE = YES;
				IPHONEOS_DEPLOYMENT_TARGET = 9.0;
				MTL_ENABLE_DEBUG_INFO = NO;
				SDKROOT = iphoneos;
				VALIDATE_PRODUCT = YES;
			};
			name = Release;
		};
		B28111CF20DA1DD300D149F8 /* Debug */ = {
			isa = XCBuildConfiguration;
			baseConfigurationReference = 6E977488DF1B2D5874FAB7B0 /* Pods-learnOCItem.debug.xcconfig */;
			buildSettings = {
				ASSETCATALOG_COMPILER_APPICON_NAME = AppIcon;
				CODE_SIGN_STYLE = Automatic;
				DEVELOPMENT_TEAM = ALGXZHD7T7;
				FRAMEWORK_SEARCH_PATHS = (
					"$(inherited)",
					"$(PROJECT_DIR)/learnOCItem",
				);
				INFOPLIST_FILE = learnOCItem/Info.plist;
				LD_RUNPATH_SEARCH_PATHS = (
					"$(inherited)",
					"@executable_path/Frameworks",
				);
				LIBRARY_SEARCH_PATHS = (
					"$(inherited)",
					"\"${PODS_CONFIGURATION_BUILD_DIR}/FMDB\"",
					"\"${PODS_CONFIGURATION_BUILD_DIR}/Masonry\"",
					"\"${PODS_CONFIGURATION_BUILD_DIR}/ReactiveCocoa\"",
					"\"${PODS_CONFIGURATION_BUILD_DIR}/SDWebImage\"",
					"\"$(SRCROOT)/TestFramework.framework\"",
				);
				PRODUCT_BUNDLE_IDENTIFIER = shanghaiDouke.com.learnOCItem;
				PRODUCT_NAME = "$(TARGET_NAME)";
				TARGETED_DEVICE_FAMILY = "1,2";
			};
			name = Debug;
		};
		B28111D020DA1DD300D149F8 /* Release */ = {
			isa = XCBuildConfiguration;
			baseConfigurationReference = 38B68DDF0F6DC28D5D6C6CA8 /* Pods-learnOCItem.release.xcconfig */;
			buildSettings = {
				ASSETCATALOG_COMPILER_APPICON_NAME = AppIcon;
				CODE_SIGN_STYLE = Automatic;
				DEVELOPMENT_TEAM = ALGXZHD7T7;
				FRAMEWORK_SEARCH_PATHS = (
					"$(inherited)",
					"$(PROJECT_DIR)/learnOCItem",
				);
				INFOPLIST_FILE = learnOCItem/Info.plist;
				LD_RUNPATH_SEARCH_PATHS = (
					"$(inherited)",
					"@executable_path/Frameworks",
				);
				LIBRARY_SEARCH_PATHS = (
					"$(inherited)",
					"\"${PODS_CONFIGURATION_BUILD_DIR}/FMDB\"",
					"\"${PODS_CONFIGURATION_BUILD_DIR}/Masonry\"",
					"\"${PODS_CONFIGURATION_BUILD_DIR}/ReactiveCocoa\"",
					"\"${PODS_CONFIGURATION_BUILD_DIR}/SDWebImage\"",
					"\"$(SRCROOT)/TestFramework.framework\"",
				);
				PRODUCT_BUNDLE_IDENTIFIER = shanghaiDouke.com.learnOCItem;
				PRODUCT_NAME = "$(TARGET_NAME)";
				TARGETED_DEVICE_FAMILY = "1,2";
			};
			name = Release;
		};
		B28111D220DA1DD300D149F8 /* Debug */ = {
			isa = XCBuildConfiguration;
			baseConfigurationReference = D92AA8BAF6BAE1B1A6096245 /* Pods-learnOCItemTests.debug.xcconfig */;
			buildSettings = {
				BUNDLE_LOADER = "$(TEST_HOST)";
				CODE_SIGN_STYLE = Automatic;
				DEVELOPMENT_TEAM = E9J732K284;
				INFOPLIST_FILE = learnOCItemTests/Info.plist;
				LD_RUNPATH_SEARCH_PATHS = (
					"$(inherited)",
					"@executable_path/Frameworks",
					"@loader_path/Frameworks",
				);
				PRODUCT_BUNDLE_IDENTIFIER = shanghaiDouke.com.learnOCItemTests;
				PRODUCT_NAME = "$(TARGET_NAME)";
				TARGETED_DEVICE_FAMILY = "1,2";
				TEST_HOST = "$(BUILT_PRODUCTS_DIR)/learnOCItem.app/learnOCItem";
			};
			name = Debug;
		};
		B28111D320DA1DD300D149F8 /* Release */ = {
			isa = XCBuildConfiguration;
			baseConfigurationReference = 3DC98C81FBFECD58FD773B6A /* Pods-learnOCItemTests.release.xcconfig */;
			buildSettings = {
				BUNDLE_LOADER = "$(TEST_HOST)";
				CODE_SIGN_STYLE = Automatic;
				DEVELOPMENT_TEAM = E9J732K284;
				INFOPLIST_FILE = learnOCItemTests/Info.plist;
				LD_RUNPATH_SEARCH_PATHS = (
					"$(inherited)",
					"@executable_path/Frameworks",
					"@loader_path/Frameworks",
				);
				PRODUCT_BUNDLE_IDENTIFIER = shanghaiDouke.com.learnOCItemTests;
				PRODUCT_NAME = "$(TARGET_NAME)";
				TARGETED_DEVICE_FAMILY = "1,2";
				TEST_HOST = "$(BUILT_PRODUCTS_DIR)/learnOCItem.app/learnOCItem";
			};
			name = Release;
		};
		B28111D520DA1DD300D149F8 /* Debug */ = {
			isa = XCBuildConfiguration;
			baseConfigurationReference = AB16E62B29322540D17A4F0B /* Pods-learnOCItemUITests.debug.xcconfig */;
			buildSettings = {
				CODE_SIGN_STYLE = Automatic;
				DEVELOPMENT_TEAM = E9J732K284;
				INFOPLIST_FILE = learnOCItemUITests/Info.plist;
				LD_RUNPATH_SEARCH_PATHS = (
					"$(inherited)",
					"@executable_path/Frameworks",
					"@loader_path/Frameworks",
				);
				PRODUCT_BUNDLE_IDENTIFIER = shanghaiDouke.com.learnOCItemUITests;
				PRODUCT_NAME = "$(TARGET_NAME)";
				TARGETED_DEVICE_FAMILY = "1,2";
				TEST_TARGET_NAME = learnOCItem;
			};
			name = Debug;
		};
		B28111D620DA1DD300D149F8 /* Release */ = {
			isa = XCBuildConfiguration;
			baseConfigurationReference = B00C04BF0EE098F855C7D528 /* Pods-learnOCItemUITests.release.xcconfig */;
			buildSettings = {
				CODE_SIGN_STYLE = Automatic;
				DEVELOPMENT_TEAM = E9J732K284;
				INFOPLIST_FILE = learnOCItemUITests/Info.plist;
				LD_RUNPATH_SEARCH_PATHS = (
					"$(inherited)",
					"@executable_path/Frameworks",
					"@loader_path/Frameworks",
				);
				PRODUCT_BUNDLE_IDENTIFIER = shanghaiDouke.com.learnOCItemUITests;
				PRODUCT_NAME = "$(TARGET_NAME)";
				TARGETED_DEVICE_FAMILY = "1,2";
				TEST_TARGET_NAME = learnOCItem;
			};
			name = Release;
		};
/* End XCBuildConfiguration section */

/* Begin XCConfigurationList section */
		B281119D20DA1DD100D149F8 /* Build configuration list for PBXProject "learnOCItem" */ = {
			isa = XCConfigurationList;
			buildConfigurations = (
				B28111CC20DA1DD300D149F8 /* Debug */,
				B28111CD20DA1DD300D149F8 /* Release */,
			);
			defaultConfigurationIsVisible = 0;
			defaultConfigurationName = Release;
		};
		B28111CE20DA1DD300D149F8 /* Build configuration list for PBXNativeTarget "learnOCItem" */ = {
			isa = XCConfigurationList;
			buildConfigurations = (
				B28111CF20DA1DD300D149F8 /* Debug */,
				B28111D020DA1DD300D149F8 /* Release */,
			);
			defaultConfigurationIsVisible = 0;
			defaultConfigurationName = Release;
		};
		B28111D120DA1DD300D149F8 /* Build configuration list for PBXNativeTarget "learnOCItemTests" */ = {
			isa = XCConfigurationList;
			buildConfigurations = (
				B28111D220DA1DD300D149F8 /* Debug */,
				B28111D320DA1DD300D149F8 /* Release */,
			);
			defaultConfigurationIsVisible = 0;
			defaultConfigurationName = Release;
		};
		B28111D420DA1DD300D149F8 /* Build configuration list for PBXNativeTarget "learnOCItemUITests" */ = {
			isa = XCConfigurationList;
			buildConfigurations = (
				B28111D520DA1DD300D149F8 /* Debug */,
				B28111D620DA1DD300D149F8 /* Release */,
			);
			defaultConfigurationIsVisible = 0;
			defaultConfigurationName = Release;
		};
/* End XCConfigurationList section */
	};
	rootObject = B281119A20DA1DD100D149F8 /* Project object */;
}
